
Microsoft Visual Studio Solution File, Format Version 12.00
# Visual Studio Version 17
VisualStudioVersion = 17.6.33815.320
MinimumVisualStudioVersion = 10.0.40219.1
Project("{FAE04EC0-301F-11D3-BF4B-00C04F79EFBC}") = "RealEstateCourse-TopLearn", "RealEstateCourse-TopLearn\RealEstateCourse-TopLearn.csproj", "{2CB0FE5A-B8DB-4B8C-8417-E0A2413C09F1}"
EndProject
Global
	GlobalSection(SolutionConfigurationPlatforms) = preSolution
		Debug|Any CPU = Debug|Any CPU
		Release|Any CPU = Release|Any CPU
	EndGlobalSection
	GlobalSection(ProjectConfigurationPlatforms) = postSolution
		{2CB0FE5A-B8DB-4B8C-8417-E0A2413C09F1}.Debug|Any CPU.ActiveCfg = Debug|Any CPU
		{2CB0FE5A-B8DB-4B8C-8417-E0A2413C09F1}.Debug|Any CPU.Build.0 = Debug|Any CPU
		{2CB0FE5A-B8DB-4B8C-8417-E0A2413C09F1}.Release|Any CPU.ActiveCfg = Release|Any CPU
		{2CB0FE5A-B8DB-4B8C-8417-E0A2413C09F1}.Release|Any CPU.Build.0 = Release|Any CPU
	EndGlobalSection
	GlobalSection(SolutionProperties) = preSolution
		HideSolutionNode = FALSE
	EndGlobalSection
	GlobalSection(ExtensibilityGlobals) = postSolution
		SolutionGuid = {6D559517-758B-4F3E-A5CB-2D6C6875092B}
	EndGlobalSection
EndGlobal
